{
  "name": "test-gedcom",
  "lockfileVersion": 3,
  "requires": true,
  "packages": {
    "": {
      "dependencies": {
        "read-gedcom": "^0.3.2"
      }
    },
    "node_modules/read-gedcom": {
      "version": "0.3.2",
      "resolved": "https://registry.npmjs.org/read-gedcom/-/read-gedcom-0.3.2.tgz",
      "integrity": "sha512-zScKxCRr30wqF5tK60uUmq/IE60KQ1f5xZsH9HBB5/Jl6E9eFx9sCKe3waj1oyFmqCAzisMZSYGi6gfZ25Kilw=="
    }
  }
}
